// !$*UTF8*$!
{
	archiveVersion = 1;
	classes = {
	};
	objectVersion = 50;
	objects = {

/* Begin PBXBuildFile section */
		6617481AA1727CFDD339AA54 /* Pods_HPDDemos.framework in Frameworks */ = {isa = PBXBuildFile; fileRef = E0F6E2211F4A76DC6F9F4907 /* Pods_HPDDemos.framework */; };
		EA417E5621BFC4E000A5F89F /* HPDAudioPlayer.swift in Sources */ = {isa = PBXBuildFile; fileRef = EA417E5521BFC4E000A5F89F /* HPDAudioPlayer.swift */; };
		EA417E5921BFDBB400A5F89F /* HPDAudioPlayerProtocol.swift in Sources */ = {isa = PBXBuildFile; fileRef = EA417E5821BFDBB400A5F89F /* HPDAudioPlayerProtocol.swift */; };
		EA64EB8421BBF34F00A0E511 /* build-lame.md in Resources */ = {isa = PBXBuildFile; fileRef = EA64EB8021BBF34F00A0E511 /* build-lame.md */; };
		EA64EB8521BBF34F00A0E511 /* README.md in Resources */ = {isa = PBXBuildFile; fileRef = EA64EB8121BBF34F00A0E511 /* README.md */; };
		EA64EB8621BBF34F00A0E511 /* libmp3lame.a in Frameworks */ = {isa = PBXBuildFile; fileRef = EA64EB8221BBF34F00A0E511 /* libmp3lame.a */; };
		EA64EB8C21BD36ED00A0E511 /* TransformMP3.m in Sources */ = {isa = PBXBuildFile; fileRef = EA64EB8A21BD36ED00A0E511 /* TransformMP3.m */; };
		EA830D09218EB50B00BD2549 /* Mp3RecordController.swift in Sources */ = {isa = PBXBuildFile; fileRef = EA830D07218EB50B00BD2549 /* Mp3RecordController.swift */; };
		EA830D0C218EB56700BD2549 /* Mp3Record.storyboard in Resources */ = {isa = PBXBuildFile; fileRef = EA830D0B218EB56700BD2549 /* Mp3Record.storyboard */; };
		EA830D0E218EB98400BD2549 /* Mp3AudioRecord.swift in Sources */ = {isa = PBXBuildFile; fileRef = EA830D0D218EB98400BD2549 /* Mp3AudioRecord.swift */; };
		EAA905A92150C2BF00776776 /* StringExtension.swift in Sources */ = {isa = PBXBuildFile; fileRef = EAA905A82150C2BF00776776 /* StringExtension.swift */; };
		EAA905AB215126E500776776 /* AppStatusCodeError.swift in Sources */ = {isa = PBXBuildFile; fileRef = EAA905AA215126E500776776 /* AppStatusCodeError.swift */; };
		EACAF0002147E05500206BAD /* AppDelegate.swift in Sources */ = {isa = PBXBuildFile; fileRef = EACAEFFF2147E05500206BAD /* AppDelegate.swift */; };
		EACAF0022147E05500206BAD /* ViewController.swift in Sources */ = {isa = PBXBuildFile; fileRef = EACAF0012147E05500206BAD /* ViewController.swift */; };
		EACAF0052147E05500206BAD /* Main.storyboard in Resources */ = {isa = PBXBuildFile; fileRef = EACAF0032147E05500206BAD /* Main.storyboard */; };
		EACAF0072147E05A00206BAD /* Assets.xcassets in Resources */ = {isa = PBXBuildFile; fileRef = EACAF0062147E05A00206BAD /* Assets.xcassets */; };
		EACAF00A2147E05A00206BAD /* LaunchScreen.storyboard in Resources */ = {isa = PBXBuildFile; fileRef = EACAF0082147E05A00206BAD /* LaunchScreen.storyboard */; };
		EACAF0132147E42C00206BAD /* AlamofireViewController.swift in Sources */ = {isa = PBXBuildFile; fileRef = EACAF0122147E42C00206BAD /* AlamofireViewController.swift */; };
		EACAF0152147E4C100206BAD /* alamofire.storyboard in Resources */ = {isa = PBXBuildFile; fileRef = EACAF0142147E4C100206BAD /* alamofire.storyboard */; };
		EACAF0182147F16700206BAD /* NetUtils.swift in Sources */ = {isa = PBXBuildFile; fileRef = EACAF0172147F16700206BAD /* NetUtils.swift */; };
		EACAF01B2147F32E00206BAD /* Print.swift in Sources */ = {isa = PBXBuildFile; fileRef = EACAF01A2147F32E00206BAD /* Print.swift */; };
		EACAF01D2148E09400206BAD /* WeatherResponse.swift in Sources */ = {isa = PBXBuildFile; fileRef = EACAF01C2148E09400206BAD /* WeatherResponse.swift */; };
		EACAF01F2148F62B00206BAD /* BaseResponse.swift in Sources */ = {isa = PBXBuildFile; fileRef = EACAF01E2148F62B00206BAD /* BaseResponse.swift */; };
		EACAF0212148F8AA00206BAD /* RoomCommentResponse.swift in Sources */ = {isa = PBXBuildFile; fileRef = EACAF0202148F8AA00206BAD /* RoomCommentResponse.swift */; };
		EACAF0242149072700206BAD /* BaseArrayResponse.swift in Sources */ = {isa = PBXBuildFile; fileRef = EACAF0232149072700206BAD /* BaseArrayResponse.swift */; };
		EACAF026214907E800206BAD /* BanWordsEntity.swift in Sources */ = {isa = PBXBuildFile; fileRef = EACAF025214907E800206BAD /* BanWordsEntity.swift */; };
		EACAF02821490B8000206BAD /* LessonEntity.swift in Sources */ = {isa = PBXBuildFile; fileRef = EACAF02721490B8000206BAD /* LessonEntity.swift */; };
		EACAF02D214A541800206BAD /* ContentNilEntity.swift in Sources */ = {isa = PBXBuildFile; fileRef = EACAF02C214A541800206BAD /* ContentNilEntity.swift */; };
		EACAF033214B8E8100206BAD /* BaseViewController.swift in Sources */ = {isa = PBXBuildFile; fileRef = EACAF032214B8E8100206BAD /* BaseViewController.swift */; };
		EACAF036214B8FC500206BAD /* ExtensionViewController.swift in Sources */ = {isa = PBXBuildFile; fileRef = EACAF035214B8FC500206BAD /* ExtensionViewController.swift */; };
		EACAF038214B90EC00206BAD /* ExtensionViewWithPopWindow.swift in Sources */ = {isa = PBXBuildFile; fileRef = EACAF037214B90EC00206BAD /* ExtensionViewWithPopWindow.swift */; };
		EAEF5C7221F328AC00F5D32F /* RxSwiftViewController.swift in Sources */ = {isa = PBXBuildFile; fileRef = EAEF5C7121F328AC00F5D32F /* RxSwiftViewController.swift */; };
		EAEF5C7421F7013100F5D32F /* rx.storyboard in Resources */ = {isa = PBXBuildFile; fileRef = EAEF5C7321F7013100F5D32F /* rx.storyboard */; };
		EAEF5C7621F7050D00F5D32F /* TestViewModel.swift in Sources */ = {isa = PBXBuildFile; fileRef = EAEF5C7521F7050D00F5D32F /* TestViewModel.swift */; };
		EAF2BD742190507F0045D0EA /* HPDAudioRecordProtocol.swift in Sources */ = {isa = PBXBuildFile; fileRef = EAF2BD732190507F0045D0EA /* HPDAudioRecordProtocol.swift */; };
/* End PBXBuildFile section */

/* Begin PBXFileReference section */
		6DCC84F9960B847477A6E3C0 /* Pods-HPDDemos.release.xcconfig */ = {isa = PBXFileReference; includeInIndex = 1; lastKnownFileType = text.xcconfig; name = "Pods-HPDDemos.release.xcconfig"; path = "Pods/Target Support Files/Pods-HPDDemos/Pods-HPDDemos.release.xcconfig"; sourceTree = "<group>"; };
		D0E497883051AF3F2CC47F2B /* Pods-HPDDemos.debug.xcconfig */ = {isa = PBXFileReference; includeInIndex = 1; lastKnownFileType = text.xcconfig; name = "Pods-HPDDemos.debug.xcconfig"; path = "Pods/Target Support Files/Pods-HPDDemos/Pods-HPDDemos.debug.xcconfig"; sourceTree = "<group>"; };
		E0F6E2211F4A76DC6F9F4907 /* Pods_HPDDemos.framework */ = {isa = PBXFileReference; explicitFileType = wrapper.framework; includeInIndex = 0; path = Pods_HPDDemos.framework; sourceTree = BUILT_PRODUCTS_DIR; };
		EA417E5521BFC4E000A5F89F /* HPDAudioPlayer.swift */ = {isa = PBXFileReference; lastKnownFileType = sourcecode.swift; path = HPDAudioPlayer.swift; sourceTree = "<group>"; };
		EA417E5821BFDBB400A5F89F /* HPDAudioPlayerProtocol.swift */ = {isa = PBXFileReference; lastKnownFileType = sourcecode.swift; path = HPDAudioPlayerProtocol.swift; sourceTree = "<group>"; };
		EA64EB8021BBF34F00A0E511 /* build-lame.md */ = {isa = PBXFileReference; fileEncoding = 4; lastKnownFileType = net.daringfireball.markdown; path = "build-lame.md"; sourceTree = "<group>"; };
		EA64EB8121BBF34F00A0E511 /* README.md */ = {isa = PBXFileReference; fileEncoding = 4; lastKnownFileType = net.daringfireball.markdown; path = README.md; sourceTree = "<group>"; };
		EA64EB8221BBF34F00A0E511 /* libmp3lame.a */ = {isa = PBXFileReference; lastKnownFileType = archive.ar; path = libmp3lame.a; sourceTree = "<group>"; };
		EA64EB8321BBF34F00A0E511 /* lame.h */ = {isa = PBXFileReference; fileEncoding = 4; lastKnownFileType = sourcecode.c.h; path = lame.h; sourceTree = "<group>"; };
		EA64EB8721BC00B300A0E511 /* App-Bridging-Header.h */ = {isa = PBXFileReference; lastKnownFileType = sourcecode.c.h; path = "App-Bridging-Header.h"; sourceTree = "<group>"; };
		EA64EB8A21BD36ED00A0E511 /* TransformMP3.m */ = {isa = PBXFileReference; fileEncoding = 4; lastKnownFileType = sourcecode.c.objc; path = TransformMP3.m; sourceTree = "<group>"; };
		EA64EB8B21BD36ED00A0E511 /* TransformMP3.h */ = {isa = PBXFileReference; fileEncoding = 4; lastKnownFileType = sourcecode.c.h; path = TransformMP3.h; sourceTree = "<group>"; };
		EA830D07218EB50B00BD2549 /* Mp3RecordController.swift */ = {isa = PBXFileReference; lastKnownFileType = sourcecode.swift; path = Mp3RecordController.swift; sourceTree = "<group>"; };
		EA830D0B218EB56700BD2549 /* Mp3Record.storyboard */ = {isa = PBXFileReference; lastKnownFileType = file.storyboard; path = Mp3Record.storyboard; sourceTree = "<group>"; };
		EA830D0D218EB98400BD2549 /* Mp3AudioRecord.swift */ = {isa = PBXFileReference; lastKnownFileType = sourcecode.swift; path = Mp3AudioRecord.swift; sourceTree = "<group>"; };
		EAA905A82150C2BF00776776 /* StringExtension.swift */ = {isa = PBXFileReference; lastKnownFileType = sourcecode.swift; path = StringExtension.swift; sourceTree = "<group>"; };
		EAA905AA215126E500776776 /* AppStatusCodeError.swift */ = {isa = PBXFileReference; lastKnownFileType = sourcecode.swift; path = AppStatusCodeError.swift; sourceTree = "<group>"; };
		EAA905AC2151308C00776776 /* zh-Hans */ = {isa = PBXFileReference; lastKnownFileType = text.plist.strings; name = "zh-Hans"; path = "zh-Hans.lproj/Main.strings"; sourceTree = "<group>"; };
		EAA905AD2151308C00776776 /* zh-Hans */ = {isa = PBXFileReference; lastKnownFileType = text.plist.strings; name = "zh-Hans"; path = "zh-Hans.lproj/LaunchScreen.strings"; sourceTree = "<group>"; };
		EACAEFFC2147E05500206BAD /* HPDDemos.app */ = {isa = PBXFileReference; explicitFileType = wrapper.application; includeInIndex = 0; path = HPDDemos.app; sourceTree = BUILT_PRODUCTS_DIR; };
		EACAEFFF2147E05500206BAD /* AppDelegate.swift */ = {isa = PBXFileReference; lastKnownFileType = sourcecode.swift; path = AppDelegate.swift; sourceTree = "<group>"; };
		EACAF0012147E05500206BAD /* ViewController.swift */ = {isa = PBXFileReference; lastKnownFileType = sourcecode.swift; path = ViewController.swift; sourceTree = "<group>"; };
		EACAF0042147E05500206BAD /* Base */ = {isa = PBXFileReference; lastKnownFileType = file.storyboard; name = Base; path = Base.lproj/Main.storyboard; sourceTree = "<group>"; };
		EACAF0062147E05A00206BAD /* Assets.xcassets */ = {isa = PBXFileReference; lastKnownFileType = folder.assetcatalog; path = Assets.xcassets; sourceTree = "<group>"; };
		EACAF0092147E05A00206BAD /* Base */ = {isa = PBXFileReference; lastKnownFileType = file.storyboard; name = Base; path = Base.lproj/LaunchScreen.storyboard; sourceTree = "<group>"; };
		EACAF00B2147E05A00206BAD /* Info.plist */ = {isa = PBXFileReference; lastKnownFileType = text.plist.xml; path = Info.plist; sourceTree = "<group>"; };
		EACAF0122147E42C00206BAD /* AlamofireViewController.swift */ = {isa = PBXFileReference; lastKnownFileType = sourcecode.swift; path = AlamofireViewController.swift; sourceTree = "<group>"; };
		EACAF0142147E4C100206BAD /* alamofire.storyboard */ = {isa = PBXFileReference; lastKnownFileType = file.storyboard; path = alamofire.storyboard; sourceTree = "<group>"; };
		EACAF0172147F16700206BAD /* NetUtils.swift */ = {isa = PBXFileReference; lastKnownFileType = sourcecode.swift; path = NetUtils.swift; sourceTree = "<group>"; };
		EACAF01A2147F32E00206BAD /* Print.swift */ = {isa = PBXFileReference; lastKnownFileType = sourcecode.swift; path = Print.swift; sourceTree = "<group>"; };
		EACAF01C2148E09400206BAD /* WeatherResponse.swift */ = {isa = PBXFileReference; lastKnownFileType = sourcecode.swift; path = WeatherResponse.swift; sourceTree = "<group>"; };
		EACAF01E2148F62B00206BAD /* BaseResponse.swift */ = {isa = PBXFileReference; lastKnownFileType = sourcecode.swift; path = BaseResponse.swift; sourceTree = "<group>"; };
		EACAF0202148F8AA00206BAD /* RoomCommentResponse.swift */ = {isa = PBXFileReference; lastKnownFileType = sourcecode.swift; path = RoomCommentResponse.swift; sourceTree = "<group>"; };
		EACAF0232149072700206BAD /* BaseArrayResponse.swift */ = {isa = PBXFileReference; lastKnownFileType = sourcecode.swift; path = BaseArrayResponse.swift; sourceTree = "<group>"; };
		EACAF025214907E800206BAD /* BanWordsEntity.swift */ = {isa = PBXFileReference; lastKnownFileType = sourcecode.swift; path = BanWordsEntity.swift; sourceTree = "<group>"; };
		EACAF02721490B8000206BAD /* LessonEntity.swift */ = {isa = PBXFileReference; lastKnownFileType = sourcecode.swift; path = LessonEntity.swift; sourceTree = "<group>"; };
		EACAF02C214A541800206BAD /* ContentNilEntity.swift */ = {isa = PBXFileReference; lastKnownFileType = sourcecode.swift; path = ContentNilEntity.swift; sourceTree = "<group>"; };
		EACAF032214B8E8100206BAD /* BaseViewController.swift */ = {isa = PBXFileReference; lastKnownFileType = sourcecode.swift; path = BaseViewController.swift; sourceTree = "<group>"; };
		EACAF035214B8FC500206BAD /* ExtensionViewController.swift */ = {isa = PBXFileReference; lastKnownFileType = sourcecode.swift; path = ExtensionViewController.swift; sourceTree = "<group>"; };
		EACAF037214B90EC00206BAD /* ExtensionViewWithPopWindow.swift */ = {isa = PBXFileReference; lastKnownFileType = sourcecode.swift; path = ExtensionViewWithPopWindow.swift; sourceTree = "<group>"; };
		EAEF5C7121F328AC00F5D32F /* RxSwiftViewController.swift */ = {isa = PBXFileReference; lastKnownFileType = sourcecode.swift; path = RxSwiftViewController.swift; sourceTree = "<group>"; };
		EAEF5C7321F7013100F5D32F /* rx.storyboard */ = {isa = PBXFileReference; lastKnownFileType = file.storyboard; path = rx.storyboard; sourceTree = "<group>"; };
		EAEF5C7521F7050D00F5D32F /* TestViewModel.swift */ = {isa = PBXFileReference; lastKnownFileType = sourcecode.swift; path = TestViewModel.swift; sourceTree = "<group>"; };
		EAF2BD732190507F0045D0EA /* HPDAudioRecordProtocol.swift */ = {isa = PBXFileReference; lastKnownFileType = sourcecode.swift; path = HPDAudioRecordProtocol.swift; sourceTree = "<group>"; };
/* End PBXFileReference section */

/* Begin PBXFrameworksBuildPhase section */
		EACAEFF92147E05500206BAD /* Frameworks */ = {
			isa = PBXFrameworksBuildPhase;
			buildActionMask = 2147483647;
			files = (
				6617481AA1727CFDD339AA54 /* Pods_HPDDemos.framework in Frameworks */,
				EA64EB8621BBF34F00A0E511 /* libmp3lame.a in Frameworks */,
			);
			runOnlyForDeploymentPostprocessing = 0;
		};
/* End PBXFrameworksBuildPhase section */

/* Begin PBXGroup section */
		4C084737E589BF53034AE55D /* Frameworks */ = {
			isa = PBXGroup;
			children = (
				E0F6E2211F4A76DC6F9F4907 /* Pods_HPDDemos.framework */,
			);
			name = Frameworks;
			sourceTree = "<group>";
		};
		7EA52870805BAB322E135D41 /* Pods */ = {
			isa = PBXGroup;
			children = (
				D0E497883051AF3F2CC47F2B /* Pods-HPDDemos.debug.xcconfig */,
				6DCC84F9960B847477A6E3C0 /* Pods-HPDDemos.release.xcconfig */,
			);
			name = Pods;
			sourceTree = "<group>";
		};
		EA417E5421BFC48A00A5F89F /* Audio Player */ = {
			isa = PBXGroup;
			children = (
				EA417E5721BFDB2200A5F89F /* code */,
			);
			path = "Audio Player";
			sourceTree = "<group>";
		};
		EA417E5721BFDB2200A5F89F /* code */ = {
			isa = PBXGroup;
			children = (
				EA417E5521BFC4E000A5F89F /* HPDAudioPlayer.swift */,
				EA417E5821BFDBB400A5F89F /* HPDAudioPlayerProtocol.swift */,
			);
			path = code;
			sourceTree = "<group>";
		};
		EA64EB7F21BBF34F00A0E511 /* lame */ = {
			isa = PBXGroup;
			children = (
				EA64EB8021BBF34F00A0E511 /* build-lame.md */,
				EA64EB8121BBF34F00A0E511 /* README.md */,
				EA64EB8221BBF34F00A0E511 /* libmp3lame.a */,
				EA64EB8321BBF34F00A0E511 /* lame.h */,
			);
			path = lame;
			sourceTree = "<group>";
		};
		EA64EB8921BD36DC00A0E511 /* tranformMP3 */ = {
			isa = PBXGroup;
			children = (
				EA64EB8B21BD36ED00A0E511 /* TransformMP3.h */,
				EA64EB8A21BD36ED00A0E511 /* TransformMP3.m */,
			);
			path = tranformMP3;
			sourceTree = "<group>";
		};
		EA830D06218EB47E00BD2549 /* mp3Record */ = {
			isa = PBXGroup;
			children = (
				EA830D0F218EDCE300BD2549 /* code */,
				EA830D07218EB50B00BD2549 /* Mp3RecordController.swift */,
				EA830D0B218EB56700BD2549 /* Mp3Record.storyboard */,
			);
			path = mp3Record;
			sourceTree = "<group>";
		};
		EA830D0F218EDCE300BD2549 /* code */ = {
			isa = PBXGroup;
			children = (
				EA64EB8921BD36DC00A0E511 /* tranformMP3 */,
				EA64EB7F21BBF34F00A0E511 /* lame */,
				EA830D0D218EB98400BD2549 /* Mp3AudioRecord.swift */,
				EAF2BD732190507F0045D0EA /* HPDAudioRecordProtocol.swift */,
			);
			path = code;
			sourceTree = "<group>";
		};
		EACAEFF32147E05500206BAD = {
			isa = PBXGroup;
			children = (
				EACAEFFE2147E05500206BAD /* HPDDemos */,
				EACAEFFD2147E05500206BAD /* Products */,
				7EA52870805BAB322E135D41 /* Pods */,
				4C084737E589BF53034AE55D /* Frameworks */,
			);
			sourceTree = "<group>";
		};
		EACAEFFD2147E05500206BAD /* Products */ = {
			isa = PBXGroup;
			children = (
				EACAEFFC2147E05500206BAD /* HPDDemos.app */,
			);
			name = Products;
			sourceTree = "<group>";
		};
		EACAEFFE2147E05500206BAD /* HPDDemos */ = {
			isa = PBXGroup;
			children = (
				EAEF5C7021F3283900F5D32F /* rxswift */,
				EA417E5421BFC48A00A5F89F /* Audio Player */,
				EA830D06218EB47E00BD2549 /* mp3Record */,
				EACAF0112147E0EF00206BAD /* alamofire */,
				EACAF034214B8FA400206BAD /* extension */,
				EACAF031214B8E6D00206BAD /* base */,
				EACAF0192147F2DA00206BAD /* commonUtils */,
				EA64EB8721BC00B300A0E511 /* App-Bridging-Header.h */,
				EACAEFFF2147E05500206BAD /* AppDelegate.swift */,
				EACAF0012147E05500206BAD /* ViewController.swift */,
				EACAF0032147E05500206BAD /* Main.storyboard */,
				EACAF0062147E05A00206BAD /* Assets.xcassets */,
				EACAF0082147E05A00206BAD /* LaunchScreen.storyboard */,
				EACAF00B2147E05A00206BAD /* Info.plist */,
			);
			path = HPDDemos;
			sourceTree = "<group>";
		};
		EACAF0112147E0EF00206BAD /* alamofire */ = {
			isa = PBXGroup;
			children = (
				EACAF0162147F0F000206BAD /* code */,
				EACAF025214907E800206BAD /* BanWordsEntity.swift */,
				EACAF02721490B8000206BAD /* LessonEntity.swift */,
				EACAF0202148F8AA00206BAD /* RoomCommentResponse.swift */,
				EACAF0122147E42C00206BAD /* AlamofireViewController.swift */,
				EACAF0142147E4C100206BAD /* alamofire.storyboard */,
				EACAF01C2148E09400206BAD /* WeatherResponse.swift */,
			);
			path = alamofire;
			sourceTree = "<group>";
		};
		EACAF0162147F0F000206BAD /* code */ = {
			isa = PBXGroup;
			children = (
				EACAF0172147F16700206BAD /* NetUtils.swift */,
				EACAF01E2148F62B00206BAD /* BaseResponse.swift */,
				EACAF0232149072700206BAD /* BaseArrayResponse.swift */,
				EACAF02C214A541800206BAD /* ContentNilEntity.swift */,
				EAA905AA215126E500776776 /* AppStatusCodeError.swift */,
			);
			path = code;
			sourceTree = "<group>";
		};
		EACAF0192147F2DA00206BAD /* commonUtils */ = {
			isa = PBXGroup;
			children = (
				EACAF01A2147F32E00206BAD /* Print.swift */,
			);
			path = commonUtils;
			sourceTree = "<group>";
		};
		EACAF031214B8E6D00206BAD /* base */ = {
			isa = PBXGroup;
			children = (
				EACAF032214B8E8100206BAD /* BaseViewController.swift */,
			);
			path = base;
			sourceTree = "<group>";
		};
		EACAF034214B8FA400206BAD /* extension */ = {
			isa = PBXGroup;
			children = (
				EACAF035214B8FC500206BAD /* ExtensionViewController.swift */,
				EACAF037214B90EC00206BAD /* ExtensionViewWithPopWindow.swift */,
				EAA905A82150C2BF00776776 /* StringExtension.swift */,
			);
			path = extension;
			sourceTree = "<group>";
		};
		EAEF5C7021F3283900F5D32F /* rxswift */ = {
			isa = PBXGroup;
			children = (
				EAEF5C7121F328AC00F5D32F /* RxSwiftViewController.swift */,
				EAEF5C7321F7013100F5D32F /* rx.storyboard */,
				EAEF5C7521F7050D00F5D32F /* TestViewModel.swift */,
			);
			path = rxswift;
			sourceTree = "<group>";
		};
/* End PBXGroup section */

/* Begin PBXNativeTarget section */
		EACAEFFB2147E05500206BAD /* HPDDemos */ = {
			isa = PBXNativeTarget;
			buildConfigurationList = EACAF00E2147E05A00206BAD /* Build configuration list for PBXNativeTarget "HPDDemos" */;
			buildPhases = (
				516D39F984F0BABD8C83FDAA /* [CP] Check Pods Manifest.lock */,
				EACAEFF82147E05500206BAD /* Sources */,
				EACAEFF92147E05500206BAD /* Frameworks */,
				EACAEFFA2147E05500206BAD /* Resources */,
				CDFBE1F2B5E9416154C9CB69 /* [CP] Embed Pods Frameworks */,
			);
			buildRules = (
			);
			dependencies = (
			);
			name = HPDDemos;
			productName = HPDDemos;
			productReference = EACAEFFC2147E05500206BAD /* HPDDemos.app */;
			productType = "com.apple.product-type.application";
		};
/* End PBXNativeTarget section */

/* Begin PBXProject section */
		EACAEFF42147E05500206BAD /* Project object */ = {
			isa = PBXProject;
			attributes = {
				LastSwiftUpdateCheck = 0940;
				LastUpgradeCheck = 0940;
				ORGANIZATIONNAME = hpd;
				TargetAttributes = {
					EACAEFFB2147E05500206BAD = {
						CreatedOnToolsVersion = 9.4.1;
					};
				};
			};
			buildConfigurationList = EACAEFF72147E05500206BAD /* Build configuration list for PBXProject "HPDDemos" */;
			compatibilityVersion = "Xcode 9.3";
			developmentRegion = en;
			hasScannedForEncodings = 0;
			knownRegions = (
				en,
				Base,
			);
			mainGroup = EACAEFF32147E05500206BAD;
			productRefGroup = EACAEFFD2147E05500206BAD /* Products */;
			projectDirPath = "";
			projectRoot = "";
			targets = (
				EACAEFFB2147E05500206BAD /* HPDDemos */,
			);
		};
/* End PBXProject section */

/* Begin PBXResourcesBuildPhase section */
		EACAEFFA2147E05500206BAD /* Resources */ = {
			isa = PBXResourcesBuildPhase;
			buildActionMask = 2147483647;
			files = (
				EACAF00A2147E05A00206BAD /* LaunchScreen.storyboard in Resources */,
				EACAF0072147E05A00206BAD /* Assets.xcassets in Resources */,
				EA64EB8421BBF34F00A0E511 /* build-lame.md in Resources */,
				EA64EB8521BBF34F00A0E511 /* README.md in Resources */,
				EA830D0C218EB56700BD2549 /* Mp3Record.storyboard in Resources */,
				EACAF0052147E05500206BAD /* Main.storyboard in Resources */,
				EAEF5C7421F7013100F5D32F /* rx.storyboard in Resources */,
				EACAF0152147E4C100206BAD /* alamofire.storyboard in Resources */,
			);
			runOnlyForDeploymentPostprocessing = 0;
		};
/* End PBXResourcesBuildPhase section */

/* Begin PBXShellScriptBuildPhase section */
		516D39F984F0BABD8C83FDAA /* [CP] Check Pods Manifest.lock */ = {
			isa = PBXShellScriptBuildPhase;
			buildActionMask = 2147483647;
			files = (
			);
			inputPaths = (
				"${PODS_PODFILE_DIR_PATH}/Podfile.lock",
				"${PODS_ROOT}/Manifest.lock",
			);
			name = "[CP] Check Pods Manifest.lock";
			outputPaths = (
				"$(DERIVED_FILE_DIR)/Pods-HPDDemos-checkManifestLockResult.txt",
			);
			runOnlyForDeploymentPostprocessing = 0;
			shellPath = /bin/sh;
			shellScript = "diff \"${PODS_PODFILE_DIR_PATH}/Podfile.lock\" \"${PODS_ROOT}/Manifest.lock\" > /dev/null\nif [ $? != 0 ] ; then\n    # print error to STDERR\n    echo \"error: The sandbox is not in sync with the Podfile.lock. Run 'pod install' or update your CocoaPods installation.\" >&2\n    exit 1\nfi\n# This output is used by Xcode 'outputs' to avoid re-running this script phase.\necho \"SUCCESS\" > \"${SCRIPT_OUTPUT_FILE_0}\"\n";
			showEnvVarsInLog = 0;
		};
		CDFBE1F2B5E9416154C9CB69 /* [CP] Embed Pods Frameworks */ = {
			isa = PBXShellScriptBuildPhase;
			buildActionMask = 2147483647;
			files = (
			);
			inputPaths = (
				"${SRCROOT}/Pods/Target Support Files/Pods-HPDDemos/Pods-HPDDemos-frameworks.sh",
				"${BUILT_PRODUCTS_DIR}/Action/Action.framework",
				"${BUILT_PRODUCTS_DIR}/Alamofire/Alamofire.framework",
				"${BUILT_PRODUCTS_DIR}/AlamofireObjectMapper/AlamofireObjectMapper.framework",
				"${BUILT_PRODUCTS_DIR}/MBProgressHUD/MBProgressHUD.framework",
				"${BUILT_PRODUCTS_DIR}/ObjectMapper/ObjectMapper.framework",
				"${BUILT_PRODUCTS_DIR}/RxAtomic/RxAtomic.framework",
				"${BUILT_PRODUCTS_DIR}/RxCocoa/RxCocoa.framework",
				"${BUILT_PRODUCTS_DIR}/RxSwift/RxSwift.framework",
				"${BUILT_PRODUCTS_DIR}/SwiftTryCatch/SwiftTryCatch.framework",
				"${BUILT_PRODUCTS_DIR}/Toast-Swift/Toast_Swift.framework",
				"${BUILT_PRODUCTS_DIR}/Toaster/Toaster.framework",
			);
			name = "[CP] Embed Pods Frameworks";
			outputPaths = (
				"${TARGET_BUILD_DIR}/${FRAMEWORKS_FOLDER_PATH}/Action.framework",
				"${TARGET_BUILD_DIR}/${FRAMEWORKS_FOLDER_PATH}/Alamofire.framework",
				"${TARGET_BUILD_DIR}/${FRAMEWORKS_FOLDER_PATH}/AlamofireObjectMapper.framework",
				"${TARGET_BUILD_DIR}/${FRAMEWORKS_FOLDER_PATH}/MBProgressHUD.framework",
				"${TARGET_BUILD_DIR}/${FRAMEWORKS_FOLDER_PATH}/ObjectMapper.framework",
				"${TARGET_BUILD_DIR}/${FRAMEWORKS_FOLDER_PATH}/RxAtomic.framework",
				"${TARGET_BUILD_DIR}/${FRAMEWORKS_FOLDER_PATH}/RxCocoa.framework",
				"${TARGET_BUILD_DIR}/${FRAMEWORKS_FOLDER_PATH}/RxSwift.framework",
				"${TARGET_BUILD_DIR}/${FRAMEWORKS_FOLDER_PATH}/SwiftTryCatch.framework",
				"${TARGET_BUILD_DIR}/${FRAMEWORKS_FOLDER_PATH}/Toast_Swift.framework",
				"${TARGET_BUILD_DIR}/${FRAMEWORKS_FOLDER_PATH}/Toaster.framework",
			);
			runOnlyForDeploymentPostprocessing = 0;
			shellPath = /bin/sh;
			shellScript = "\"${SRCROOT}/Pods/Target Support Files/Pods-HPDDemos/Pods-HPDDemos-frameworks.sh\"\n";
			showEnvVarsInLog = 0;
		};
/* End PBXShellScriptBuildPhase section */

/* Begin PBXSourcesBuildPhase section */
		EACAEFF82147E05500206BAD /* Sources */ = {
			isa = PBXSourcesBuildPhase;
			buildActionMask = 2147483647;
			files = (
				EACAF0022147E05500206BAD /* ViewController.swift in Sources */,
				EACAF02821490B8000206BAD /* LessonEntity.swift in Sources */,
				EACAF036214B8FC500206BAD /* ExtensionViewController.swift in Sources */,
				EA830D09218EB50B00BD2549 /* Mp3RecordController.swift in Sources */,
				EACAF01D2148E09400206BAD /* WeatherResponse.swift in Sources */,
				EACAF033214B8E8100206BAD /* BaseViewController.swift in Sources */,
				EACAF0182147F16700206BAD /* NetUtils.swift in Sources */,
				EACAF0212148F8AA00206BAD /* RoomCommentResponse.swift in Sources */,
				EACAF026214907E800206BAD /* BanWordsEntity.swift in Sources */,
				EACAF01B2147F32E00206BAD /* Print.swift in Sources */,
				EACAF0242149072700206BAD /* BaseArrayResponse.swift in Sources */,
				EA830D0E218EB98400BD2549 /* Mp3AudioRecord.swift in Sources */,
				EAEF5C7621F7050D00F5D32F /* TestViewModel.swift in Sources */,
				EACAF02D214A541800206BAD /* ContentNilEntity.swift in Sources */,
				EA417E5921BFDBB400A5F89F /* HPDAudioPlayerProtocol.swift in Sources */,
				EA64EB8C21BD36ED00A0E511 /* TransformMP3.m in Sources */,
				EA417E5621BFC4E000A5F89F /* HPDAudioPlayer.swift in Sources */,
				EACAF01F2148F62B00206BAD /* BaseResponse.swift in Sources */,
				EAF2BD742190507F0045D0EA /* HPDAudioRecordProtocol.swift in Sources */,
				EAA905AB215126E500776776 /* AppStatusCodeError.swift in Sources */,
				EAA905A92150C2BF00776776 /* StringExtension.swift in Sources */,
				EAEF5C7221F328AC00F5D32F /* RxSwiftViewController.swift in Sources */,
				EACAF0132147E42C00206BAD /* AlamofireViewController.swift in Sources */,
				EACAF038214B90EC00206BAD /* ExtensionViewWithPopWindow.swift in Sources */,
				EACAF0002147E05500206BAD /* AppDelegate.swift in Sources */,
			);
			runOnlyForDeploymentPostprocessing = 0;
		};
/* End PBXSourcesBuildPhase section */

/* Begin PBXVariantGroup section */
		EACAF0032147E05500206BAD /* Main.storyboard */ = {
			isa = PBXVariantGroup;
			children = (
				EACAF0042147E05500206BAD /* Base */,
				EAA905AC2151308C00776776 /* zh-Hans */,
			);
			name = Main.storyboard;
			sourceTree = "<group>";
		};
		EACAF0082147E05A00206BAD /* LaunchScreen.storyboard */ = {
			isa = PBXVariantGroup;
			children = (
				EACAF0092147E05A00206BAD /* Base */,
				EAA905AD2151308C00776776 /* zh-Hans */,
			);
			name = LaunchScreen.storyboard;
			sourceTree = "<group>";
		};
/* End PBXVariantGroup section */

/* Begin XCBuildConfiguration section */
		EACAF00C2147E05A00206BAD /* Debug */ = {
			isa = XCBuildConfiguration;
			buildSettings = {
				ALWAYS_SEARCH_USER_PATHS = NO;
				CLANG_ANALYZER_LOCALIZABILITY_NONLOCALIZED = YES;
				CLANG_ANALYZER_NONNULL = YES;
				CLANG_ANALYZER_NUMBER_OBJECT_CONVERSION = YES_AGGRESSIVE;
				CLANG_CXX_LANGUAGE_STANDARD = "gnu++14";
				CLANG_CXX_LIBRARY = "libc++";
				CLANG_ENABLE_MODULES = YES;
				CLANG_ENABLE_OBJC_ARC = YES;
				CLANG_ENABLE_OBJC_WEAK = YES;
				CLANG_WARN_BLOCK_CAPTURE_AUTORELEASING = YES;
				CLANG_WARN_BOOL_CONVERSION = YES;
				CLANG_WARN_COMMA = YES;
				CLANG_WARN_CONSTANT_CONVERSION = YES;
				CLANG_WARN_DEPRECATED_OBJC_IMPLEMENTATIONS = YES;
				CLANG_WARN_DIRECT_OBJC_ISA_USAGE = YES_ERROR;
				CLANG_WARN_DOCUMENTATION_COMMENTS = YES;
				CLANG_WARN_EMPTY_BODY = YES;
				CLANG_WARN_ENUM_CONVERSION = YES;
				CLANG_WARN_INFINITE_RECURSION = YES;
				CLANG_WARN_INT_CONVERSION = YES;
				CLANG_WARN_NON_LITERAL_NULL_CONVERSION = YES;
				CLANG_WARN_OBJC_IMPLICIT_RETAIN_SELF = YES;
				CLANG_WARN_OBJC_LITERAL_CONVERSION = YES;
				CLANG_WARN_OBJC_ROOT_CLASS = YES_ERROR;
				CLANG_WARN_RANGE_LOOP_ANALYSIS = YES;
				CLANG_WARN_STRICT_PROTOTYPES = YES;
				CLANG_WARN_SUSPICIOUS_MOVE = YES;
				CLANG_WARN_UNGUARDED_AVAILABILITY = YES_AGGRESSIVE;
				CLANG_WARN_UNREACHABLE_CODE = YES;
				CLANG_WARN__DUPLICATE_METHOD_MATCH = YES;
				CODE_SIGN_IDENTITY = "iPhone Developer";
				COPY_PHASE_STRIP = NO;
				DEBUG_INFORMATION_FORMAT = dwarf;
				ENABLE_STRICT_OBJC_MSGSEND = YES;
				ENABLE_TESTABILITY = YES;
				GCC_C_LANGUAGE_STANDARD = gnu11;
				GCC_DYNAMIC_NO_PIC = NO;
				GCC_NO_COMMON_BLOCKS = YES;
				GCC_OPTIMIZATION_LEVEL = 0;
				GCC_PREPROCESSOR_DEFINITIONS = (
					"DEBUG=1",
					"$(inherited)",
				);
				GCC_WARN_64_TO_32_BIT_CONVERSION = YES;
				GCC_WARN_ABOUT_RETURN_TYPE = YES_ERROR;
				GCC_WARN_UNDECLARED_SELECTOR = YES;
				GCC_WARN_UNINITIALIZED_AUTOS = YES_AGGRESSIVE;
				GCC_WARN_UNUSED_FUNCTION = YES;
				GCC_WARN_UNUSED_VARIABLE = YES;
				IPHONEOS_DEPLOYMENT_TARGET = 11.4;
				MTL_ENABLE_DEBUG_INFO = YES;
				ONLY_ACTIVE_ARCH = YES;
				SDKROOT = iphoneos;
				SWIFT_ACTIVE_COMPILATION_CONDITIONS = DEBUG;
				SWIFT_OPTIMIZATION_LEVEL = "-Onone";
			};
			name = Debug;
		};
		EACAF00D2147E05A00206BAD /* Release */ = {
			isa = XCBuildConfiguration;
			buildSettings = {
				ALWAYS_SEARCH_USER_PATHS = NO;
				CLANG_ANALYZER_LOCALIZABILITY_NONLOCALIZED = YES;
				CLANG_ANALYZER_NONNULL = YES;
				CLANG_ANALYZER_NUMBER_OBJECT_CONVERSION = YES_AGGRESSIVE;
				CLANG_CXX_LANGUAGE_STANDARD = "gnu++14";
				CLANG_CXX_LIBRARY = "libc++";
				CLANG_ENABLE_MODULES = YES;
				CLANG_ENABLE_OBJC_ARC = YES;
				CLANG_ENABLE_OBJC_WEAK = YES;
				CLANG_WARN_BLOCK_CAPTURE_AUTORELEASING = YES;
				CLANG_WARN_BOOL_CONVERSION = YES;
				CLANG_WARN_COMMA = YES;
				CLANG_WARN_CONSTANT_CONVERSION = YES;
				CLANG_WARN_DEPRECATED_OBJC_IMPLEMENTATIONS = YES;
				CLANG_WARN_DIRECT_OBJC_ISA_USAGE = YES_ERROR;
				CLANG_WARN_DOCUMENTATION_COMMENTS = YES;
				CLANG_WARN_EMPTY_BODY = YES;
				CLANG_WARN_ENUM_CONVERSION = YES;
				CLANG_WARN_INFINITE_RECURSION = YES;
				CLANG_WARN_INT_CONVERSION = YES;
				CLANG_WARN_NON_LITERAL_NULL_CONVERSION = YES;
				CLANG_WARN_OBJC_IMPLICIT_RETAIN_SELF = YES;
				CLANG_WARN_OBJC_LITERAL_CONVERSION = YES;
				CLANG_WARN_OBJC_ROOT_CLASS = YES_ERROR;
				CLANG_WARN_RANGE_LOOP_ANALYSIS = YES;
				CLANG_WARN_STRICT_PROTOTYPES = YES;
				CLANG_WARN_SUSPICIOUS_MOVE = YES;
				CLANG_WARN_UNGUARDED_AVAILABILITY = YES_AGGRESSIVE;
				CLANG_WARN_UNREACHABLE_CODE = YES;
				CLANG_WARN__DUPLICATE_METHOD_MATCH = YES;
				CODE_SIGN_IDENTITY = "iPhone Developer";
				COPY_PHASE_STRIP = NO;
				DEBUG_INFORMATION_FORMAT = "dwarf-with-dsym";
				ENABLE_NS_ASSERTIONS = NO;
				ENABLE_STRICT_OBJC_MSGSEND = YES;
				GCC_C_LANGUAGE_STANDARD = gnu11;
				GCC_NO_COMMON_BLOCKS = YES;
				GCC_WARN_64_TO_32_BIT_CONVERSION = YES;
				GCC_WARN_ABOUT_RETURN_TYPE = YES_ERROR;
				GCC_WARN_UNDECLARED_SELECTOR = YES;
				GCC_WARN_UNINITIALIZED_AUTOS = YES_AGGRESSIVE;
				GCC_WARN_UNUSED_FUNCTION = YES;
				GCC_WARN_UNUSED_VARIABLE = YES;
				IPHONEOS_DEPLOYMENT_TARGET = 11.4;
				MTL_ENABLE_DEBUG_INFO = NO;
				SDKROOT = iphoneos;
				SWIFT_COMPILATION_MODE = wholemodule;
				SWIFT_OPTIMIZATION_LEVEL = "-O";
				VALIDATE_PRODUCT = YES;
			};
			name = Release;
		};
		EACAF00F2147E05A00206BAD /* Debug */ = {
			isa = XCBuildConfiguration;
			baseConfigurationReference = D0E497883051AF3F2CC47F2B /* Pods-HPDDemos.debug.xcconfig */;
			buildSettings = {
				ASSETCATALOG_COMPILER_APPICON_NAME = AppIcon;
				CODE_SIGN_IDENTITY = "iPhone Developer";
				CODE_SIGN_STYLE = Automatic;
				DEVELOPMENT_TEAM = 2D2BXPCBY8;
				INFOPLIST_FILE = HPDDemos/Info.plist;
				LD_RUNPATH_SEARCH_PATHS = (
					"$(inherited)",
					"@executable_path/Frameworks",
				);
				LIBRARY_SEARCH_PATHS = (
					"$(inherited)",
					"$(PROJECT_DIR)/HPDDemos/mp3Record/code/lame",
				);
				PRODUCT_BUNDLE_IDENTIFIER = com.hpd.HPDDemos;
				PRODUCT_NAME = "$(TARGET_NAME)";
				PROVISIONING_PROFILE_SPECIFIER = "";
				SWIFT_OBJC_BRIDGING_HEADER = "$(SRCROOT)/HPDDemos/App-Bridging-Header.h";
				SWIFT_VERSION = 4.0;
				TARGETED_DEVICE_FAMILY = "1,2";
			};
			name = Debug;
		};
		EACAF0102147E05A00206BAD /* Release */ = {
			isa = XCBuildConfiguration;
			baseConfigurationReference = 6DCC84F9960B847477A6E3C0 /* Pods-HPDDemos.release.xcconfig */;
			buildSettings = {
				ASSETCATALOG_COMPILER_APPICON_NAME = AppIcon;
				CODE_SIGN_IDENTITY = "iPhone Developer";
				CODE_SIGN_STYLE = Automatic;
				DEVELOPMENT_TEAM = 2D2BXPCBY8;
				INFOPLIST_FILE = HPDDemos/Info.plist;
				LD_RUNPATH_SEARCH_PATHS = (
					"$(inherited)",
					"@executable_path/Frameworks",
				);
				LIBRARY_SEARCH_PATHS = (
					"$(inherited)",
					"$(PROJECT_DIR)/HPDDemos/mp3Record/code/lame",
				);
				PRODUCT_BUNDLE_IDENTIFIER = com.hpd.HPDDemos;
				PRODUCT_NAME = "$(TARGET_NAME)";
				PROVISIONING_PROFILE_SPECIFIER = "";
				SWIFT_OBJC_BRIDGING_HEADER = "$(SRCROOT)/HPDDemos/App-Bridging-Header.h";
				SWIFT_VERSION = 4.0;
				TARGETED_DEVICE_FAMILY = "1,2";
			};
			name = Release;
		};
/* End XCBuildConfiguration section */

/* Begin XCConfigurationList section */
		EACAEFF72147E05500206BAD /* Build configuration list for PBXProject "HPDDemos" */ = {
			isa = XCConfigurationList;
			buildConfigurations = (
				EACAF00C2147E05A00206BAD /* Debug */,
				EACAF00D2147E05A00206BAD /* Release */,
			);
			defaultConfigurationIsVisible = 0;
			defaultConfigurationName = Release;
		};
		EACAF00E2147E05A00206BAD /* Build configuration list for PBXNativeTarget "HPDDemos" */ = {
			isa = XCConfigurationList;
			buildConfigurations = (
				EACAF00F2147E05A00206BAD /* Debug */,
				EACAF0102147E05A00206BAD /* Release */,
			);
			defaultConfigurationIsVisible = 0;
			defaultConfigurationName = Release;
		};
/* End XCConfigurationList section */
	};
	rootObject = EACAEFF42147E05500206BAD /* Project object */;
}
